<?xml version="1.0" encoding="utf-8"?>
<Project ToolsVersion="4.0" xmlns="http://schemas.microsoft.com/developer/msbuild/2003">
  <ItemGroup>
    <Filter Include="Source Files">
      <UniqueIdentifier>{973a5370-6b7d-4871-8802-1a15ad230f8a}</UniqueIdentifier>
      <Extensions>cpp;c;cxx;rc;def;r;odl;idl;hpj;bat</Extensions>
    </Filter>
    <Filter Include="Header Files">
      <UniqueIdentifier>{15790b6f-dca2-42dc-b3c8-c1d88c4efb03}</UniqueIdentifier>
      <Extensions>h;hpp;hxx;hm;inl</Extensions>
    </Filter>
    <Filter Include="Resource Files">
      <UniqueIdentifier>{0dbb9b6c-efe1-414a-8cca-13c22f59f2bd}</UniqueIdentifier>
      <Extensions>ico;cur;bmp;dlg;rc2;rct;bin;rgs;gif;jpg;jpeg;jpe</Extensions>
    </Filter>
  </ItemGroup>
  <ItemGroup>
    <ClCompile Include="ClientSocket.cpp">
      <Filter>Source Files</Filter>
    </ClCompile>
    <ClCompile Include="GeneferProgram.cpp">
      <Filter>Source Files</Filter>
    </ClCompile>
    <ClCompile Include="LLRProgram.cpp">
      <Filter>Source Files</Filter>
    </ClCompile>
    <ClCompile Include="Log.cpp">
      <Filter>Source Files</Filter>
    </ClCompile>
    <ClCompile Include="MainWorkUnitTest.cpp">
      <Filter>Source Files</Filter>
    </ClCompile>
    <ClCompile Include="PFGWProgram.cpp">
      <Filter>Source Files</Filter>
    </ClCompile>
    <ClCompile Include="PhrotProgram.cpp">
      <Filter>Source Files</Filter>
    </ClCompile>
    <ClCompile Include="PrimeWorker.cpp">
      <Filter>Source Files</Filter>
    </ClCompile>
    <ClCompile Include="PrimeWorkUnitTest.cpp">
      <Filter>Source Files</Filter>
    </ClCompile>
    <ClCompile Include="prpclient.cpp">
      <Filter>Source Files</Filter>
    </ClCompile>
    <ClCompile Include="ServerHandler.cpp">
      <Filter>Source Files</Filter>
    </ClCompile>
    <ClCompile Include="SharedMemoryItem.cpp">
      <Filter>Source Files</Filter>
    </ClCompile>
    <ClCompile Include="Socket.cpp">
      <Filter>Source Files</Filter>
    </ClCompile>
    <ClCompile Include="SophieGermainWorkUnitTest.cpp">
      <Filter>Source Files</Filter>
    </ClCompile>
    <ClCompile Include="TestingProgram.cpp">
      <Filter>Source Files</Filter>
    </ClCompile>
    <ClCompile Include="TestingProgramFactory.cpp">
      <Filter>Source Files</Filter>
    </ClCompile>
    <ClCompile Include="TwinWorkUnitTest.cpp">
      <Filter>Source Files</Filter>
    </ClCompile>
    <ClCompile Include="Worker.cpp">
      <Filter>Source Files</Filter>
    </ClCompile>
    <ClCompile Include="WorkUnitTest.cpp">
      <Filter>Source Files</Filter>
    </ClCompile>
    <ClCompile Include="WorkUnitTestFactory.cpp">
      <Filter>Source Files</Filter>
    </ClCompile>
    <ClCompile Include="WWWWProgram.cpp">
      <Filter>Source Files</Filter>
    </ClCompile>
    <ClCompile Include="WWWWWorker.cpp">
      <Filter>Source Files</Filter>
    </ClCompile>
    <ClCompile Include="WWWWWorkUnitTest.cpp">
      <Filter>Source Files</Filter>
    </ClCompile>
    <ClCompile Include="CycloProgram.cpp">
      <Filter>Source Files</Filter>
    </ClCompile>
  </ItemGroup>
  <ItemGroup>
    <ClInclude Include="client.h">
      <Filter>Header Files</Filter>
    </ClInclude>
    <ClInclude Include="ClientSocket.h">
      <Filter>Header Files</Filter>
    </ClInclude>
    <ClInclude Include="defs.h">
      <Filter>Header Files</Filter>
    </ClInclude>
    <ClInclude Include="GeneferProgram.h">
      <Filter>Header Files</Filter>
    </ClInclude>
    <ClInclude Include="gfn.h">
      <Filter>Header Files</Filter>
    </ClInclude>
    <ClInclude Include="LLRProgram.h">
      <Filter>Header Files</Filter>
    </ClInclude>
    <ClInclude Include="Log.h">
      <Filter>Header Files</Filter>
    </ClInclude>
    <ClInclude Include="MainWorkUnitTest.h">
      <Filter>Header Files</Filter>
    </ClInclude>
    <ClInclude Include="PFGWProgram.h">
      <Filter>Header Files</Filter>
    </ClInclude>
    <ClInclude Include="PhrotProgram.h">
      <Filter>Header Files</Filter>
    </ClInclude>
    <ClInclude Include="PrimeWorker.h">
      <Filter>Header Files</Filter>
    </ClInclude>
    <ClInclude Include="PrimeWorkUnitTest.h">
      <Filter>Header Files</Filter>
    </ClInclude>
    <ClInclude Include="ServerHandler.h">
      <Filter>Header Files</Filter>
    </ClInclude>
    <ClInclude Include="SharedMemoryItem.h">
      <Filter>Header Files</Filter>
    </ClInclude>
    <ClInclude Include="Socket.h">
      <Filter>Header Files</Filter>
    </ClInclude>
    <ClInclude Include="SophieGermainWorkUnitTest.h">
      <Filter>Header Files</Filter>
    </ClInclude>
    <ClInclude Include="TestingProgram.h">
      <Filter>Header Files</Filter>
    </ClInclude>
    <ClInclude Include="TestingProgramFactory.h">
      <Filter>Header Files</Filter>
    </ClInclude>
    <ClInclude Include="TwinWorkUnitTest.h">
      <Filter>Header Files</Filter>
    </ClInclude>
    <ClInclude Include="Worker.h">
      <Filter>Header Files</Filter>
    </ClInclude>
    <ClInclude Include="workunit.h">
      <Filter>Header Files</Filter>
    </ClInclude>
    <ClInclude Include="WorkUnitTest.h">
      <Filter>Header Files</Filter>
    </ClInclude>
    <ClInclude Include="WorkUnitTestFactory.h">
      <Filter>Header Files</Filter>
    </ClInclude>
    <ClInclude Include="wwww.h">
      <Filter>Header Files</Filter>
    </ClInclude>
    <ClInclude Include="WWWWProgram.h">
      <Filter>Header Files</Filter>
    </ClInclude>
    <ClInclude Include="WWWWWorker.h">
      <Filter>Header Files</Filter>
    </ClInclude>
    <ClInclude Include="WWWWWorkUnitTest.h">
      <Filter>Header Files</Filter>
    </ClInclude>
    <ClInclude Include="CycloProgram.h">
      <Filter>Header Files</Filter>
    </ClInclude>
  </ItemGroup>
</Project>