
Microsoft Visual Studio Solution File, Format Version 11.00
# Visual Studio 2010
Project("{8BC9CEB8-8B4A-11D0-8D11-00A0C91BC942}") = "client", "client.vcxproj", "{76702039-DF00-4DC5-A124-D54EC59362D2}"
EndProject
Project("{8BC9CEB8-8B4A-11D0-8D11-00A0C91BC942}") = "server", "server.vcxproj", "{C1A66A87-84C7-4E18-B1CE-7FF3BCBC9F40}"
EndProject
Project("{8BC9CEB8-8B4A-11D0-8D11-00A0C91BC942}") = "admin", "admin.vcxproj", "{D7407F19-3FF0-4AD2-A203-95F19ADFFB0A}"
EndProject
Global
	GlobalSection(SolutionConfigurationPlatforms) = preSolution
		Debug|Win32 = Debug|Win32
		Debug|x64 = Debug|x64
		Release|Win32 = Release|Win32
		Release|x64 = Release|x64
	EndGlobalSection
	GlobalSection(ProjectConfigurationPlatforms) = postSolution
		{76702039-DF00-4DC5-A124-D54EC59362D2}.Debug|Win32.ActiveCfg = Debug|Win32
		{76702039-DF00-4DC5-A124-D54EC59362D2}.Debug|Win32.Build.0 = Debug|Win32
		{76702039-DF00-4DC5-A124-D54EC59362D2}.Debug|x64.ActiveCfg = Debug|x64
		{76702039-DF00-4DC5-A124-D54EC59362D2}.Debug|x64.Build.0 = Debug|x64
		{76702039-DF00-4DC5-A124-D54EC59362D2}.Release|Win32.ActiveCfg = Release|Win32
		{76702039-DF00-4DC5-A124-D54EC59362D2}.Release|Win32.Build.0 = Release|Win32
		{76702039-DF00-4DC5-A124-D54EC59362D2}.Release|x64.ActiveCfg = Release|x64
		{76702039-DF00-4DC5-A124-D54EC59362D2}.Release|x64.Build.0 = Release|x64
		{C1A66A87-84C7-4E18-B1CE-7FF3BCBC9F40}.Debug|Win32.ActiveCfg = Debug|Win32
		{C1A66A87-84C7-4E18-B1CE-7FF3BCBC9F40}.Debug|Win32.Build.0 = Debug|Win32
		{C1A66A87-84C7-4E18-B1CE-7FF3BCBC9F40}.Debug|x64.ActiveCfg = Debug|x64
		{C1A66A87-84C7-4E18-B1CE-7FF3BCBC9F40}.Debug|x64.Build.0 = Debug|x64
		{C1A66A87-84C7-4E18-B1CE-7FF3BCBC9F40}.Release|Win32.ActiveCfg = Release|Win32
		{C1A66A87-84C7-4E18-B1CE-7FF3BCBC9F40}.Release|Win32.Build.0 = Release|Win32
		{C1A66A87-84C7-4E18-B1CE-7FF3BCBC9F40}.Release|x64.ActiveCfg = Release|x64
		{C1A66A87-84C7-4E18-B1CE-7FF3BCBC9F40}.Release|x64.Build.0 = Release|x64
		{D7407F19-3FF0-4AD2-A203-95F19ADFFB0A}.Debug|Win32.ActiveCfg = Debug|Win32
		{D7407F19-3FF0-4AD2-A203-95F19ADFFB0A}.Debug|Win32.Build.0 = Debug|Win32
		{D7407F19-3FF0-4AD2-A203-95F19ADFFB0A}.Debug|x64.ActiveCfg = Debug|x64
		{D7407F19-3FF0-4AD2-A203-95F19ADFFB0A}.Debug|x64.Build.0 = Debug|x64
		{D7407F19-3FF0-4AD2-A203-95F19ADFFB0A}.Release|Win32.ActiveCfg = Release|Win32
		{D7407F19-3FF0-4AD2-A203-95F19ADFFB0A}.Release|Win32.Build.0 = Release|Win32
		{D7407F19-3FF0-4AD2-A203-95F19ADFFB0A}.Release|x64.ActiveCfg = Release|x64
		{D7407F19-3FF0-4AD2-A203-95F19ADFFB0A}.Release|x64.Build.0 = Release|x64
	EndGlobalSection
	GlobalSection(SolutionProperties) = preSolution
		HideSolutionNode = FALSE
	EndGlobalSection
EndGlobal
