<?xml version="1.0" encoding="utf-8"?>
<Project ToolsVersion="4.0" xmlns="http://schemas.microsoft.com/developer/msbuild/2003">
  <ItemGroup>
    <Filter Include="Source Files">
      <UniqueIdentifier>{ba6c9054-e682-40df-8d12-3fe8bba9a4ec}</UniqueIdentifier>
      <Extensions>cpp;c;cxx;rc;def;r;odl;idl;hpj;bat</Extensions>
    </Filter>
    <Filter Include="Header Files">
      <UniqueIdentifier>{00e7d205-8ad3-4798-b073-93f926779eaa}</UniqueIdentifier>
      <Extensions>h;hpp;hxx;hm;inl</Extensions>
    </Filter>
    <Filter Include="Header Files\Resource Files">
      <UniqueIdentifier>{df016d76-11f3-4885-9e8d-5c574c8a39a5}</UniqueIdentifier>
      <Extensions>ico;cur;bmp;dlg;rc2;rct;bin;rgs;gif;jpg;jpeg;jpe</Extensions>
    </Filter>
  </ItemGroup>
  <ItemGroup>
    <ClCompile Include="ABCParser.cpp">
      <Filter>Source Files</Filter>
    </ClCompile>
    <ClCompile Include="CandidateTestResult.cpp">
      <Filter>Source Files</Filter>
    </ClCompile>
    <ClCompile Include="CullenWoodallHTML.cpp">
      <Filter>Source Files</Filter>
    </ClCompile>
    <ClCompile Include="CullenWoodallStatsUpdater.cpp">
      <Filter>Source Files</Filter>
    </ClCompile>
    <ClCompile Include="DBInterface.cpp">
      <Filter>Source Files</Filter>
    </ClCompile>
    <ClCompile Include="FactorialHTML.cpp">
      <Filter>Source Files</Filter>
    </ClCompile>
    <ClCompile Include="FactorialStatsUpdater.cpp">
      <Filter>Source Files</Filter>
    </ClCompile>
    <ClCompile Include="FixedBKCHTML.cpp">
      <Filter>Source Files</Filter>
    </ClCompile>
    <ClCompile Include="FixedBKCStatsUpdater.cpp">
      <Filter>Source Files</Filter>
    </ClCompile>
    <ClCompile Include="FixedBNCHTML.cpp">
      <Filter>Source Files</Filter>
    </ClCompile>
    <ClCompile Include="FixedBNCStatsUpdater.cpp">
      <Filter>Source Files</Filter>
    </ClCompile>
    <ClCompile Include="GFNHTML.cpp">
      <Filter>Source Files</Filter>
    </ClCompile>
    <ClCompile Include="GFNStatsUpdater.cpp">
      <Filter>Source Files</Filter>
    </ClCompile>
    <ClCompile Include="HelperSocket.cpp">
      <Filter>Source Files</Filter>
    </ClCompile>
    <ClCompile Include="HelperThread.cpp">
      <Filter>Source Files</Filter>
    </ClCompile>
    <ClCompile Include="HTMLGeneratorFactory.cpp">
      <Filter>Source Files</Filter>
    </ClCompile>
    <ClCompile Include="KeepAliveThread.cpp">
      <Filter>Source Files</Filter>
    </ClCompile>
    <ClCompile Include="LengthCalculator.cpp">
      <Filter>Source Files</Filter>
    </ClCompile>
    <ClCompile Include="Log.cpp">
      <Filter>Source Files</Filter>
    </ClCompile>
    <ClCompile Include="Mail.cpp">
      <Filter>Source Files</Filter>
    </ClCompile>
    <ClCompile Include="MailFactory.cpp">
      <Filter>Source Files</Filter>
    </ClCompile>
    <ClCompile Include="MailSocket.cpp">
      <Filter>Source Files</Filter>
    </ClCompile>
    <ClCompile Include="PrimeHelperThread.cpp">
      <Filter>Source Files</Filter>
    </ClCompile>
    <ClCompile Include="PrimeHTMLGenerator.cpp">
      <Filter>Source Files</Filter>
    </ClCompile>
    <ClCompile Include="PrimeMail.cpp">
      <Filter>Source Files</Filter>
    </ClCompile>
    <ClCompile Include="PrimeStatsUpdater.cpp">
      <Filter>Source Files</Filter>
    </ClCompile>
    <ClCompile Include="PrimeWorkReceiver.cpp">
      <Filter>Source Files</Filter>
    </ClCompile>
    <ClCompile Include="PrimeWorkSender.cpp">
      <Filter>Source Files</Filter>
    </ClCompile>
    <ClCompile Include="PrimorialHTML.cpp">
      <Filter>Source Files</Filter>
    </ClCompile>
    <ClCompile Include="PrimorialStatsUpdater.cpp">
      <Filter>Source Files</Filter>
    </ClCompile>
    <ClCompile Include="prpserver.cpp">
      <Filter>Source Files</Filter>
    </ClCompile>
    <ClCompile Include="ServerSocket.cpp">
      <Filter>Source Files</Filter>
    </ClCompile>
    <ClCompile Include="ServerThread.cpp">
      <Filter>Source Files</Filter>
    </ClCompile>
    <ClCompile Include="SharedMemoryItem.cpp">
      <Filter>Source Files</Filter>
    </ClCompile>
    <ClCompile Include="SierpinskiRieselHTML.cpp">
      <Filter>Source Files</Filter>
    </ClCompile>
    <ClCompile Include="SierpinskiRieselStatsUpdater.cpp">
      <Filter>Source Files</Filter>
    </ClCompile>
    <ClCompile Include="Socket.cpp">
      <Filter>Source Files</Filter>
    </ClCompile>
    <ClCompile Include="SophieGermainHTML.cpp">
      <Filter>Source Files</Filter>
    </ClCompile>
    <ClCompile Include="SophieGermainStatsUpdater.cpp">
      <Filter>Source Files</Filter>
    </ClCompile>
    <ClCompile Include="SQLStatement.cpp">
      <Filter>Source Files</Filter>
    </ClCompile>
    <ClCompile Include="StatsUpdater.cpp">
      <Filter>Source Files</Filter>
    </ClCompile>
    <ClCompile Include="StatsUpdaterFactory.cpp">
      <Filter>Source Files</Filter>
    </ClCompile>
    <ClCompile Include="WorkReceiver.cpp">
      <Filter>Source Files</Filter>
    </ClCompile>
    <ClCompile Include="WorkSender.cpp">
      <Filter>Source Files</Filter>
    </ClCompile>
    <ClCompile Include="WWWWHelperThread.cpp">
      <Filter>Source Files</Filter>
    </ClCompile>
    <ClCompile Include="WWWWHTMLGenerator.cpp">
      <Filter>Source Files</Filter>
    </ClCompile>
    <ClCompile Include="WWWWMail.cpp">
      <Filter>Source Files</Filter>
    </ClCompile>
    <ClCompile Include="WWWWStatsUpdater.cpp">
      <Filter>Source Files</Filter>
    </ClCompile>
    <ClCompile Include="WWWWWorkReceiver.cpp">
      <Filter>Source Files</Filter>
    </ClCompile>
    <ClCompile Include="WWWWWorkSender.cpp">
      <Filter>Source Files</Filter>
    </ClCompile>
    <ClCompile Include="HTMLGenerator.cpp">
      <Filter>Source Files</Filter>
    </ClCompile>
    <ClCompile Include="ServerHelperFactory.cpp">
      <Filter>Source Files</Filter>
    </ClCompile>
    <ClCompile Include="PrimeServerHelper.cpp">
      <Filter>Source Files</Filter>
    </ClCompile>
    <ClCompile Include="WWWWServerHelper.cpp">
      <Filter>Source Files</Filter>
    </ClCompile>
    <ClCompile Include="XYYXHTML.cpp">
      <Filter>Source Files</Filter>
    </ClCompile>
    <ClCompile Include="XYYXStatsUpdater.cpp">
      <Filter>Source Files</Filter>
    </ClCompile>
    <ClCompile Include="GenericHTML.cpp">
      <Filter>Source Files</Filter>
    </ClCompile>
    <ClCompile Include="GenericStatsUpdater.cpp">
      <Filter>Source Files</Filter>
    </ClCompile>
    <ClCompile Include="CyclotomicHTML.cpp">
      <Filter>Source Files</Filter>
    </ClCompile>
    <ClCompile Include="CyclotomicStatsUpdater.cpp">
      <Filter>Source Files</Filter>
    </ClCompile>
    <ClCompile Include="CarolKyneaStatsUpdater.cpp">
      <Filter>Source Files</Filter>
    </ClCompile>
    <ClCompile Include="CarolKyneaHTML.cpp">
      <Filter>Source Files</Filter>
    </ClCompile>
    <ClCompile Include="MultiFactorialStatsUpdater.cpp">
      <Filter>Source Files</Filter>
    </ClCompile>
    <ClCompile Include="MultiFactorialHTML.cpp">
      <Filter>Source Files</Filter>
    </ClCompile>
    <ClCompile Include="WagstaffHTML.cpp">
      <Filter>Source Files</Filter>
    </ClCompile>
    <ClCompile Include="WagstaffStatsUpdater.cpp">
      <Filter>Source Files</Filter>
    </ClCompile>
  </ItemGroup>
  <ItemGroup>
    <ClInclude Include="ABCParser.h">
      <Filter>Header Files</Filter>
    </ClInclude>
    <ClInclude Include="CandidateTestResult.h">
      <Filter>Header Files</Filter>
    </ClInclude>
    <ClInclude Include="CullenWoodallHTML.h">
      <Filter>Header Files</Filter>
    </ClInclude>
    <ClInclude Include="CullenWoodallStatsUpdater.h">
      <Filter>Header Files</Filter>
    </ClInclude>
    <ClInclude Include="DBInterface.h">
      <Filter>Header Files</Filter>
    </ClInclude>
    <ClInclude Include="defs.h">
      <Filter>Header Files</Filter>
    </ClInclude>
    <ClInclude Include="FactorialHTML.h">
      <Filter>Header Files</Filter>
    </ClInclude>
    <ClInclude Include="FactorialStatsUpdater.h">
      <Filter>Header Files</Filter>
    </ClInclude>
    <ClInclude Include="FixedBKCHTML.h">
      <Filter>Header Files</Filter>
    </ClInclude>
    <ClInclude Include="FixedBKCStatsUpdater.h">
      <Filter>Header Files</Filter>
    </ClInclude>
    <ClInclude Include="FixedBNCHTML.h">
      <Filter>Header Files</Filter>
    </ClInclude>
    <ClInclude Include="FixedBNCStatsUpdater.h">
      <Filter>Header Files</Filter>
    </ClInclude>
    <ClInclude Include="GFNHTML.h">
      <Filter>Header Files</Filter>
    </ClInclude>
    <ClInclude Include="GFNStatsUpdater.h">
      <Filter>Header Files</Filter>
    </ClInclude>
    <ClInclude Include="HelperSocket.h">
      <Filter>Header Files</Filter>
    </ClInclude>
    <ClInclude Include="HelperThread.h">
      <Filter>Header Files</Filter>
    </ClInclude>
    <ClInclude Include="HTMLGenerator.h">
      <Filter>Header Files</Filter>
    </ClInclude>
    <ClInclude Include="HTMLGeneratorFactory.h">
      <Filter>Header Files</Filter>
    </ClInclude>
    <ClInclude Include="KeepAliveThread.h">
      <Filter>Header Files</Filter>
    </ClInclude>
    <ClInclude Include="LengthCalculator.h">
      <Filter>Header Files</Filter>
    </ClInclude>
    <ClInclude Include="Log.h">
      <Filter>Header Files</Filter>
    </ClInclude>
    <ClInclude Include="Mail.h">
      <Filter>Header Files</Filter>
    </ClInclude>
    <ClInclude Include="MailFactory.h">
      <Filter>Header Files</Filter>
    </ClInclude>
    <ClInclude Include="MailSocket.h">
      <Filter>Header Files</Filter>
    </ClInclude>
    <ClInclude Include="PrimeHelperThread.h">
      <Filter>Header Files</Filter>
    </ClInclude>
    <ClInclude Include="PrimeHTMLGenerator.h">
      <Filter>Header Files</Filter>
    </ClInclude>
    <ClInclude Include="PrimeMail.h">
      <Filter>Header Files</Filter>
    </ClInclude>
    <ClInclude Include="PrimeStatsUpdater.h">
      <Filter>Header Files</Filter>
    </ClInclude>
    <ClInclude Include="PrimeWorkReceiver.h">
      <Filter>Header Files</Filter>
    </ClInclude>
    <ClInclude Include="PrimeWorkSender.h">
      <Filter>Header Files</Filter>
    </ClInclude>
    <ClInclude Include="PrimorialHTML.h">
      <Filter>Header Files</Filter>
    </ClInclude>
    <ClInclude Include="PrimorialStatsUpdater.h">
      <Filter>Header Files</Filter>
    </ClInclude>
    <ClInclude Include="server.h">
      <Filter>Header Files</Filter>
    </ClInclude>
    <ClInclude Include="ServerSocket.h">
      <Filter>Header Files</Filter>
    </ClInclude>
    <ClInclude Include="ServerThread.h">
      <Filter>Header Files</Filter>
    </ClInclude>
    <ClInclude Include="SharedMemoryItem.h">
      <Filter>Header Files</Filter>
    </ClInclude>
    <ClInclude Include="SierpinskiRieselHTML.h">
      <Filter>Header Files</Filter>
    </ClInclude>
    <ClInclude Include="SierpinskiRieselStatsUpdater.h">
      <Filter>Header Files</Filter>
    </ClInclude>
    <ClInclude Include="Socket.h">
      <Filter>Header Files</Filter>
    </ClInclude>
    <ClInclude Include="SophieGermainHTML.h">
      <Filter>Header Files</Filter>
    </ClInclude>
    <ClInclude Include="SophieGermainStatsUpdater.h">
      <Filter>Header Files</Filter>
    </ClInclude>
    <ClInclude Include="SQLStatement.h">
      <Filter>Header Files</Filter>
    </ClInclude>
    <ClInclude Include="StatsUpdater.h">
      <Filter>Header Files</Filter>
    </ClInclude>
    <ClInclude Include="StatsUpdaterFactory.h">
      <Filter>Header Files</Filter>
    </ClInclude>
    <ClInclude Include="Thread.h">
      <Filter>Header Files</Filter>
    </ClInclude>
    <ClInclude Include="WorkReceiver.h">
      <Filter>Header Files</Filter>
    </ClInclude>
    <ClInclude Include="WorkSender.h">
      <Filter>Header Files</Filter>
    </ClInclude>
    <ClInclude Include="WWWWHelperThread.h">
      <Filter>Header Files</Filter>
    </ClInclude>
    <ClInclude Include="WWWWHTMLGenerator.h">
      <Filter>Header Files</Filter>
    </ClInclude>
    <ClInclude Include="WWWWMail.h">
      <Filter>Header Files</Filter>
    </ClInclude>
    <ClInclude Include="WWWWStatsUpdater.h">
      <Filter>Header Files</Filter>
    </ClInclude>
    <ClInclude Include="WWWWWorkReceiver.h">
      <Filter>Header Files</Filter>
    </ClInclude>
    <ClInclude Include="WWWWWorkSender.h">
      <Filter>Header Files</Filter>
    </ClInclude>
    <ClInclude Include="ServerHelper.h">
      <Filter>Header Files</Filter>
    </ClInclude>
    <ClInclude Include="ServerHelperFactory.h">
      <Filter>Header Files</Filter>
    </ClInclude>
    <ClInclude Include="PrimeServerHelper.h">
      <Filter>Header Files</Filter>
    </ClInclude>
    <ClInclude Include="WWWWServerHelper.h">
      <Filter>Header Files</Filter>
    </ClInclude>
    <ClInclude Include="XYYXHTML.h">
      <Filter>Header Files</Filter>
    </ClInclude>
    <ClInclude Include="XYYXStatsUpdater.h">
      <Filter>Header Files</Filter>
    </ClInclude>
    <ClInclude Include="GenericHTML.h">
      <Filter>Header Files</Filter>
    </ClInclude>
    <ClInclude Include="GenericStatsUpdater.h">
      <Filter>Header Files</Filter>
    </ClInclude>
    <ClInclude Include="CyclotomicHTML.h">
      <Filter>Header Files</Filter>
    </ClInclude>
    <ClInclude Include="CyclotomicStatsUpdater.h">
      <Filter>Header Files</Filter>
    </ClInclude>
    <ClInclude Include="CarolKyneaStatsUpdater.h">
      <Filter>Header Files</Filter>
    </ClInclude>
    <ClInclude Include="CarolKyneaHTML.h">
      <Filter>Header Files</Filter>
    </ClInclude>
    <ClInclude Include="MultiFactorialStatsUpdater.h">
      <Filter>Header Files</Filter>
    </ClInclude>
    <ClInclude Include="MultiFactorialHTML.h">
      <Filter>Header Files</Filter>
    </ClInclude>
    <ClInclude Include="WagstaffHTML.h">
      <Filter>Header Files</Filter>
    </ClInclude>
    <ClInclude Include="WagstaffStatsUpdater.h">
      <Filter>Header Files</Filter>
    </ClInclude>
  </ItemGroup>
</Project>